{
  "name": "statistical-summary-calculator",
  "version": "1.0.0",
  "lockfileVersion": 1,
  "requires": true,
  "dependencies": {
    "moment": {
      "version": "2.18.1",
      "resolved": "https://registry.npmjs.org/moment/-/moment-2.18.1.tgz",
      "integrity": "sha1-w2GT3Tzhwu7SrbfIAtu8d6gbHA8="
    },
    "n3": {
      "version": "0.11.2",
      "resolved": "https://registry.npmjs.org/n3/-/n3-0.11.2.tgz",
      "integrity": "sha512-ICSiOmFLbZ4gI35+4H3e2vYGHDC944WZkCa1iVNRAx/mRZESEevQNFhfHaui/lhqynoZYvBVDNjM/2Tfd3TICQ=="
    }
  }
}
